// !$*UTF8*$!
{
	archiveVersion = 1;
	classes = {
	};
	objectVersion = 51;
	objects = {

/* Begin PBXBuildFile section */
		260F73C6231EF5B4007266B3 /* GoogleService-Info.plist in Resources */ = {isa = PBXBuildFile; fileRef = 260F73C5231EF5B4007266B3 /* GoogleService-Info.plist */; };
		260F73C8231EF64C007266B3 /* DashboardStoryboard.storyboard in Resources */ = {isa = PBXBuildFile; fileRef = 260F73C7231EF64C007266B3 /* DashboardStoryboard.storyboard */; };
		260F73CA231F03BB007266B3 /* DashboardViewController.swift in Sources */ = {isa = PBXBuildFile; fileRef = 260F73C9231F03BB007266B3 /* DashboardViewController.swift */; };
		260F73CC231F051B007266B3 /* DashboardTableViewCell.swift in Sources */ = {isa = PBXBuildFile; fileRef = 260F73CB231F051B007266B3 /* DashboardTableViewCell.swift */; };
		3A334D4C231ED52200DAC1FE /* Main.storyboard in Resources */ = {isa = PBXBuildFile; fileRef = 3A334D4B231ED52200DAC1FE /* Main.storyboard */; };
		3A334D4F231ED58C00DAC1FE /* fake1.storyboard in Resources */ = {isa = PBXBuildFile; fileRef = 3A334D4E231ED58C00DAC1FE /* fake1.storyboard */; };
		3A334D51231ED5A000DAC1FE /* fake2.storyboard in Resources */ = {isa = PBXBuildFile; fileRef = 3A334D50231ED5A000DAC1FE /* fake2.storyboard */; };
		3A334D53231ED5BA00DAC1FE /* fake3.storyboard in Resources */ = {isa = PBXBuildFile; fileRef = 3A334D52231ED5BA00DAC1FE /* fake3.storyboard */; };
		3A334D5D231EFF2700DAC1FE /* EventMakerUITests.swift in Sources */ = {isa = PBXBuildFile; fileRef = 3A334D5C231EFF2700DAC1FE /* EventMakerUITests.swift */; };
		3A334D6B231EFF3100DAC1FE /* EventMakerTests.swift in Sources */ = {isa = PBXBuildFile; fileRef = 3A334D6A231EFF3100DAC1FE /* EventMakerTests.swift */; };
		3A334D73232021D500DAC1FE /* EventMakeSpec.swift in Sources */ = {isa = PBXBuildFile; fileRef = 3A334D72232021D500DAC1FE /* EventMakeSpec.swift */; };
		3A334D752320298400DAC1FE /* EventDatabase.swift in Sources */ = {isa = PBXBuildFile; fileRef = 3A334D742320298400DAC1FE /* EventDatabase.swift */; };
		3A334D772320326100DAC1FE /* EventServiceTest.swift in Sources */ = {isa = PBXBuildFile; fileRef = 3A334D762320326100DAC1FE /* EventServiceTest.swift */; };
		3A5AC945231D8FAD00CBE6EB /* AppDelegate.swift in Sources */ = {isa = PBXBuildFile; fileRef = 3A5AC944231D8FAD00CBE6EB /* AppDelegate.swift */; };
		3A5AC947231D8FAD00CBE6EB /* ViewController.swift in Sources */ = {isa = PBXBuildFile; fileRef = 3A5AC946231D8FAD00CBE6EB /* ViewController.swift */; };
		3A5AC94D231D8FAD00CBE6EB /* EventMaker.xcdatamodeld in Sources */ = {isa = PBXBuildFile; fileRef = 3A5AC94B231D8FAD00CBE6EB /* EventMaker.xcdatamodeld */; };
		3A5AC94F231D8FAD00CBE6EB /* Assets.xcassets in Resources */ = {isa = PBXBuildFile; fileRef = 3A5AC94E231D8FAD00CBE6EB /* Assets.xcassets */; };
		3A5AC952231D8FAD00CBE6EB /* LaunchScreen.storyboard in Resources */ = {isa = PBXBuildFile; fileRef = 3A5AC950231D8FAD00CBE6EB /* LaunchScreen.storyboard */; };
		ACDA8BF7A272FCE9D91A6B53 /* Pods_EventMaker.framework in Frameworks */ = {isa = PBXBuildFile; fileRef = E454C227F349E18A2301FA68 /* Pods_EventMaker.framework */; };
		BF292330231EFE0200AA9C94 /* PostEventCreationViewController.swift in Sources */ = {isa = PBXBuildFile; fileRef = BF29232F231EFE0200AA9C94 /* PostEventCreationViewController.swift */; };
		BF2B867F231EEDC8006A8ED7 /* PostEventCreationStoryboard.storyboard in Resources */ = {isa = PBXBuildFile; fileRef = BF2B867C231EEDC7006A8ED7 /* PostEventCreationStoryboard.storyboard */; };
		BF2B8681231EEDC8006A8ED7 /* CreateEventStoryboard.storyboard in Resources */ = {isa = PBXBuildFile; fileRef = BF2B867E231EEDC8006A8ED7 /* CreateEventStoryboard.storyboard */; };
		F111FD1C231D9C610021AB20 /* EventServiceFirebase.swift in Sources */ = {isa = PBXBuildFile; fileRef = F111FD1B231D9C610021AB20 /* EventServiceFirebase.swift */; };
		F111FD23231D9E6A0021AB20 /* Event.swift in Sources */ = {isa = PBXBuildFile; fileRef = F111FD22231D9E6A0021AB20 /* Event.swift */; };
		F111FD2C231DFDE10021AB20 /* EventServiceProtocol.swift in Sources */ = {isa = PBXBuildFile; fileRef = F111FD2B231DFDE10021AB20 /* EventServiceProtocol.swift */; };
		F111FD30231EFA7F0021AB20 /* CreateEventViewController.swift in Sources */ = {isa = PBXBuildFile; fileRef = F111FD2F231EFA7F0021AB20 /* CreateEventViewController.swift */; };
		F1403CF32320482E00FAEA09 /* ToolbarPickerView.swift in Sources */ = {isa = PBXBuildFile; fileRef = F1403CF22320482E00FAEA09 /* ToolbarPickerView.swift */; };
		FE866D5CB407593B9BD68422 /* Pods_EventMakerTests.framework in Frameworks */ = {isa = PBXBuildFile; fileRef = 5A646BEEE68AA5305E6C56C1 /* Pods_EventMakerTests.framework */; };
/* End PBXBuildFile section */

/* Begin PBXContainerItemProxy section */
		3A334D5F231EFF2700DAC1FE /* PBXContainerItemProxy */ = {
			isa = PBXContainerItemProxy;
			containerPortal = 3A5AC939231D8FAD00CBE6EB /* Project object */;
			proxyType = 1;
			remoteGlobalIDString = 3A5AC940231D8FAD00CBE6EB;
			remoteInfo = EventMaker;
		};
		3A334D6D231EFF3100DAC1FE /* PBXContainerItemProxy */ = {
			isa = PBXContainerItemProxy;
			containerPortal = 3A5AC939231D8FAD00CBE6EB /* Project object */;
			proxyType = 1;
			remoteGlobalIDString = 3A5AC940231D8FAD00CBE6EB;
			remoteInfo = EventMaker;
		};
/* End PBXContainerItemProxy section */

/* Begin PBXFileReference section */
		08AAAC0338539EBA32B0A502 /* Pods-EventMakerTests.release.xcconfig */ = {isa = PBXFileReference; includeInIndex = 1; lastKnownFileType = text.xcconfig; name = "Pods-EventMakerTests.release.xcconfig"; path = "Target Support Files/Pods-EventMakerTests/Pods-EventMakerTests.release.xcconfig"; sourceTree = "<group>"; };
		260F73C5231EF5B4007266B3 /* GoogleService-Info.plist */ = {isa = PBXFileReference; fileEncoding = 4; lastKnownFileType = text.plist.xml; name = "GoogleService-Info.plist"; path = "Network/GoogleService-Info.plist"; sourceTree = "<group>"; };
		260F73C7231EF64C007266B3 /* DashboardStoryboard.storyboard */ = {isa = PBXFileReference; lastKnownFileType = file.storyboard; path = DashboardStoryboard.storyboard; sourceTree = "<group>"; };
		260F73C9231F03BB007266B3 /* DashboardViewController.swift */ = {isa = PBXFileReference; lastKnownFileType = sourcecode.swift; path = DashboardViewController.swift; sourceTree = "<group>"; };
		260F73CB231F051B007266B3 /* DashboardTableViewCell.swift */ = {isa = PBXFileReference; lastKnownFileType = sourcecode.swift; path = DashboardTableViewCell.swift; sourceTree = "<group>"; };
		3A334D4B231ED52200DAC1FE /* Main.storyboard */ = {isa = PBXFileReference; lastKnownFileType = file.storyboard; path = Main.storyboard; sourceTree = "<group>"; };
		3A334D4E231ED58C00DAC1FE /* fake1.storyboard */ = {isa = PBXFileReference; lastKnownFileType = file.storyboard; path = fake1.storyboard; sourceTree = "<group>"; };
		3A334D50231ED5A000DAC1FE /* fake2.storyboard */ = {isa = PBXFileReference; lastKnownFileType = file.storyboard; path = fake2.storyboard; sourceTree = "<group>"; };
		3A334D52231ED5BA00DAC1FE /* fake3.storyboard */ = {isa = PBXFileReference; lastKnownFileType = file.storyboard; path = fake3.storyboard; sourceTree = "<group>"; };
		3A334D5A231EFF2700DAC1FE /* EventMakerUITests.xctest */ = {isa = PBXFileReference; explicitFileType = wrapper.cfbundle; includeInIndex = 0; path = EventMakerUITests.xctest; sourceTree = BUILT_PRODUCTS_DIR; };
		3A334D5C231EFF2700DAC1FE /* EventMakerUITests.swift */ = {isa = PBXFileReference; lastKnownFileType = sourcecode.swift; path = EventMakerUITests.swift; sourceTree = "<group>"; };
		3A334D5E231EFF2700DAC1FE /* Info.plist */ = {isa = PBXFileReference; lastKnownFileType = text.plist.xml; path = Info.plist; sourceTree = "<group>"; };
		3A334D68231EFF3100DAC1FE /* EventMakerTests.xctest */ = {isa = PBXFileReference; explicitFileType = wrapper.cfbundle; includeInIndex = 0; path = EventMakerTests.xctest; sourceTree = BUILT_PRODUCTS_DIR; };
		3A334D6A231EFF3100DAC1FE /* EventMakerTests.swift */ = {isa = PBXFileReference; lastKnownFileType = sourcecode.swift; path = EventMakerTests.swift; sourceTree = "<group>"; };
		3A334D6C231EFF3100DAC1FE /* Info.plist */ = {isa = PBXFileReference; lastKnownFileType = text.plist.xml; path = Info.plist; sourceTree = "<group>"; };
		3A334D72232021D500DAC1FE /* EventMakeSpec.swift */ = {isa = PBXFileReference; lastKnownFileType = sourcecode.swift; path = EventMakeSpec.swift; sourceTree = "<group>"; };
		3A334D742320298400DAC1FE /* EventDatabase.swift */ = {isa = PBXFileReference; lastKnownFileType = sourcecode.swift; path = EventDatabase.swift; sourceTree = "<group>"; };
		3A334D762320326100DAC1FE /* EventServiceTest.swift */ = {isa = PBXFileReference; lastKnownFileType = sourcecode.swift; path = EventServiceTest.swift; sourceTree = "<group>"; };
		3A5AC941231D8FAD00CBE6EB /* EventMaker.app */ = {isa = PBXFileReference; explicitFileType = wrapper.application; includeInIndex = 0; path = EventMaker.app; sourceTree = BUILT_PRODUCTS_DIR; };
		3A5AC944231D8FAD00CBE6EB /* AppDelegate.swift */ = {isa = PBXFileReference; lastKnownFileType = sourcecode.swift; path = AppDelegate.swift; sourceTree = "<group>"; };
		3A5AC946231D8FAD00CBE6EB /* ViewController.swift */ = {isa = PBXFileReference; lastKnownFileType = sourcecode.swift; path = ViewController.swift; sourceTree = "<group>"; };
		3A5AC94C231D8FAD00CBE6EB /* EventMaker.xcdatamodel */ = {isa = PBXFileReference; lastKnownFileType = wrapper.xcdatamodel; path = EventMaker.xcdatamodel; sourceTree = "<group>"; };
		3A5AC94E231D8FAD00CBE6EB /* Assets.xcassets */ = {isa = PBXFileReference; lastKnownFileType = folder.assetcatalog; path = Assets.xcassets; sourceTree = "<group>"; };
		3A5AC951231D8FAD00CBE6EB /* Base */ = {isa = PBXFileReference; lastKnownFileType = file.storyboard; name = Base; path = Base.lproj/LaunchScreen.storyboard; sourceTree = "<group>"; };
		4729243CA1F3ACA2BE2690AC /* Pods-EventMakerTests.debug.xcconfig */ = {isa = PBXFileReference; includeInIndex = 1; lastKnownFileType = text.xcconfig; name = "Pods-EventMakerTests.debug.xcconfig"; path = "Target Support Files/Pods-EventMakerTests/Pods-EventMakerTests.debug.xcconfig"; sourceTree = "<group>"; };
		5A646BEEE68AA5305E6C56C1 /* Pods_EventMakerTests.framework */ = {isa = PBXFileReference; explicitFileType = wrapper.framework; includeInIndex = 0; path = Pods_EventMakerTests.framework; sourceTree = BUILT_PRODUCTS_DIR; };
		9698DA2216E7D3EBA5DD2D8F /* Pods-EventMaker.release.xcconfig */ = {isa = PBXFileReference; includeInIndex = 1; lastKnownFileType = text.xcconfig; name = "Pods-EventMaker.release.xcconfig"; path = "Target Support Files/Pods-EventMaker/Pods-EventMaker.release.xcconfig"; sourceTree = "<group>"; };
		BBF1AF02CBDB03C3339A6E48 /* Pods-EventMaker.debug.xcconfig */ = {isa = PBXFileReference; includeInIndex = 1; lastKnownFileType = text.xcconfig; name = "Pods-EventMaker.debug.xcconfig"; path = "Target Support Files/Pods-EventMaker/Pods-EventMaker.debug.xcconfig"; sourceTree = "<group>"; };
		BF29232F231EFE0200AA9C94 /* PostEventCreationViewController.swift */ = {isa = PBXFileReference; lastKnownFileType = sourcecode.swift; path = PostEventCreationViewController.swift; sourceTree = "<group>"; };
		BF2B867C231EEDC7006A8ED7 /* PostEventCreationStoryboard.storyboard */ = {isa = PBXFileReference; fileEncoding = 4; lastKnownFileType = file.storyboard; path = PostEventCreationStoryboard.storyboard; sourceTree = "<group>"; };
		BF2B867E231EEDC8006A8ED7 /* CreateEventStoryboard.storyboard */ = {isa = PBXFileReference; fileEncoding = 4; lastKnownFileType = file.storyboard; path = CreateEventStoryboard.storyboard; sourceTree = "<group>"; };
		E454C227F349E18A2301FA68 /* Pods_EventMaker.framework */ = {isa = PBXFileReference; explicitFileType = wrapper.framework; includeInIndex = 0; path = Pods_EventMaker.framework; sourceTree = BUILT_PRODUCTS_DIR; };
		F111FD1B231D9C610021AB20 /* EventServiceFirebase.swift */ = {isa = PBXFileReference; lastKnownFileType = sourcecode.swift; path = EventServiceFirebase.swift; sourceTree = "<group>"; };
		F111FD22231D9E6A0021AB20 /* Event.swift */ = {isa = PBXFileReference; lastKnownFileType = sourcecode.swift; path = Event.swift; sourceTree = "<group>"; };
		F111FD2B231DFDE10021AB20 /* EventServiceProtocol.swift */ = {isa = PBXFileReference; lastKnownFileType = sourcecode.swift; path = EventServiceProtocol.swift; sourceTree = "<group>"; };
		F111FD2F231EFA7F0021AB20 /* CreateEventViewController.swift */ = {isa = PBXFileReference; lastKnownFileType = sourcecode.swift; path = CreateEventViewController.swift; sourceTree = "<group>"; };
		F1403CF22320482E00FAEA09 /* ToolbarPickerView.swift */ = {isa = PBXFileReference; lastKnownFileType = sourcecode.swift; path = ToolbarPickerView.swift; sourceTree = "<group>"; };
/* End PBXFileReference section */

/* Begin PBXFrameworksBuildPhase section */
		3A334D57231EFF2700DAC1FE /* Frameworks */ = {
			isa = PBXFrameworksBuildPhase;
			buildActionMask = 2147483647;
			files = (
			);
			runOnlyForDeploymentPostprocessing = 0;
		};
		3A334D65231EFF3100DAC1FE /* Frameworks */ = {
			isa = PBXFrameworksBuildPhase;
			buildActionMask = 2147483647;
			files = (
				FE866D5CB407593B9BD68422 /* Pods_EventMakerTests.framework in Frameworks */,
			);
			runOnlyForDeploymentPostprocessing = 0;
		};
		3A5AC93E231D8FAD00CBE6EB /* Frameworks */ = {
			isa = PBXFrameworksBuildPhase;
			buildActionMask = 2147483647;
			files = (
				ACDA8BF7A272FCE9D91A6B53 /* Pods_EventMaker.framework in Frameworks */,
			);
			runOnlyForDeploymentPostprocessing = 0;
		};
/* End PBXFrameworksBuildPhase section */

/* Begin PBXGroup section */
		3A334D4D231ED57500DAC1FE /* FAKES */ = {
			isa = PBXGroup;
			children = (
				3A334D4E231ED58C00DAC1FE /* fake1.storyboard */,
				3A334D52231ED5BA00DAC1FE /* fake3.storyboard */,
				3A334D50231ED5A000DAC1FE /* fake2.storyboard */,
			);
			path = FAKES;
			sourceTree = "<group>";
		};
		3A334D5B231EFF2700DAC1FE /* EventMakerUITests */ = {
			isa = PBXGroup;
			children = (
				3A334D5C231EFF2700DAC1FE /* EventMakerUITests.swift */,
				3A334D5E231EFF2700DAC1FE /* Info.plist */,
			);
			path = EventMakerUITests;
			sourceTree = "<group>";
		};
		3A334D69231EFF3100DAC1FE /* EventMakerTests */ = {
			isa = PBXGroup;
			children = (
				3A334D6A231EFF3100DAC1FE /* EventMakerTests.swift */,
				3A334D6C231EFF3100DAC1FE /* Info.plist */,
				3A334D72232021D500DAC1FE /* EventMakeSpec.swift */,
				3A334D762320326100DAC1FE /* EventServiceTest.swift */,
			);
			path = EventMakerTests;
			sourceTree = "<group>";
		};
		3A5AC938231D8FAD00CBE6EB = {
			isa = PBXGroup;
			children = (
				3A5AC943231D8FAD00CBE6EB /* EventMaker */,
				3A334D5B231EFF2700DAC1FE /* EventMakerUITests */,
				3A334D69231EFF3100DAC1FE /* EventMakerTests */,
				3A5AC942231D8FAD00CBE6EB /* Products */,
				86D8388BD459840165BD25B1 /* Pods */,
				424A4A8A3EF3D0BBB9C7F6E2 /* Frameworks */,
			);
			sourceTree = "<group>";
		};
		3A5AC942231D8FAD00CBE6EB /* Products */ = {
			isa = PBXGroup;
			children = (
				3A5AC941231D8FAD00CBE6EB /* EventMaker.app */,
				3A334D5A231EFF2700DAC1FE /* EventMakerUITests.xctest */,
				3A334D68231EFF3100DAC1FE /* EventMakerTests.xctest */,
			);
			name = Products;
			sourceTree = "<group>";
		};
		3A5AC943231D8FAD00CBE6EB /* EventMaker */ = {
			isa = PBXGroup;
			children = (
				260F73C5231EF5B4007266B3 /* GoogleService-Info.plist */,
				F111FD21231D9E480021AB20 /* Network */,
				F111FD1F231D9E0B0021AB20 /* Controller */,
				F111FD1E231D9E050021AB20 /* View */,
				F111FD20231D9E1D0021AB20 /* Support */,
				F111FD1D231D9DFE0021AB20 /* Model */,
				3A5AC94E231D8FAD00CBE6EB /* Assets.xcassets */,
				3A5AC94B231D8FAD00CBE6EB /* EventMaker.xcdatamodeld */,
			);
			path = EventMaker;
			sourceTree = "<group>";
		};
		424A4A8A3EF3D0BBB9C7F6E2 /* Frameworks */ = {
			isa = PBXGroup;
			children = (
				E454C227F349E18A2301FA68 /* Pods_EventMaker.framework */,
				5A646BEEE68AA5305E6C56C1 /* Pods_EventMakerTests.framework */,
			);
			name = Frameworks;
			sourceTree = "<group>";
		};
		86D8388BD459840165BD25B1 /* Pods */ = {
			isa = PBXGroup;
			children = (
				BBF1AF02CBDB03C3339A6E48 /* Pods-EventMaker.debug.xcconfig */,
				9698DA2216E7D3EBA5DD2D8F /* Pods-EventMaker.release.xcconfig */,
				4729243CA1F3ACA2BE2690AC /* Pods-EventMakerTests.debug.xcconfig */,
				08AAAC0338539EBA32B0A502 /* Pods-EventMakerTests.release.xcconfig */,
			);
			path = Pods;
			sourceTree = "<group>";
		};
		F111FD1D231D9DFE0021AB20 /* Model */ = {
			isa = PBXGroup;
			children = (
				F111FD22231D9E6A0021AB20 /* Event.swift */,
			);
			path = Model;
			sourceTree = "<group>";
		};
		F111FD1E231D9E050021AB20 /* View */ = {
			isa = PBXGroup;
			children = (
				3A334D4D231ED57500DAC1FE /* FAKES */,
				3A5AC950231D8FAD00CBE6EB /* LaunchScreen.storyboard */,
				BF2B867C231EEDC7006A8ED7 /* PostEventCreationStoryboard.storyboard */,
				BF2B867E231EEDC8006A8ED7 /* CreateEventStoryboard.storyboard */,
				3A334D4B231ED52200DAC1FE /* Main.storyboard */,
				260F73C7231EF64C007266B3 /* DashboardStoryboard.storyboard */,
				F1403CF22320482E00FAEA09 /* ToolbarPickerView.swift */,
			);
			path = View;
			sourceTree = "<group>";
		};
		F111FD1F231D9E0B0021AB20 /* Controller */ = {
			isa = PBXGroup;
			children = (
				3A5AC946231D8FAD00CBE6EB /* ViewController.swift */,
				BF29232F231EFE0200AA9C94 /* PostEventCreationViewController.swift */,
				F111FD2F231EFA7F0021AB20 /* CreateEventViewController.swift */,
				260F73C9231F03BB007266B3 /* DashboardViewController.swift */,
				260F73CB231F051B007266B3 /* DashboardTableViewCell.swift */,
			);
			path = Controller;
			sourceTree = "<group>";
		};
		F111FD20231D9E1D0021AB20 /* Support */ = {
			isa = PBXGroup;
			children = (
				3A5AC944231D8FAD00CBE6EB /* AppDelegate.swift */,
			);
			path = Support;
			sourceTree = "<group>";
		};
		F111FD21231D9E480021AB20 /* Network */ = {
			isa = PBXGroup;
			children = (
				F111FD2B231DFDE10021AB20 /* EventServiceProtocol.swift */,
				F111FD1B231D9C610021AB20 /* EventServiceFirebase.swift */,
				3A334D742320298400DAC1FE /* EventDatabase.swift */,
			);
			path = Network;
			sourceTree = "<group>";
		};
/* End PBXGroup section */

/* Begin PBXNativeTarget section */
		3A334D59231EFF2700DAC1FE /* EventMakerUITests */ = {
			isa = PBXNativeTarget;
			buildConfigurationList = 3A334D63231EFF2700DAC1FE /* Build configuration list for PBXNativeTarget "EventMakerUITests" */;
			buildPhases = (
				3A334D56231EFF2700DAC1FE /* Sources */,
				3A334D57231EFF2700DAC1FE /* Frameworks */,
				3A334D58231EFF2700DAC1FE /* Resources */,
			);
			buildRules = (
			);
			dependencies = (
				3A334D60231EFF2700DAC1FE /* PBXTargetDependency */,
			);
			name = EventMakerUITests;
			productName = EventMakerUITests;
			productReference = 3A334D5A231EFF2700DAC1FE /* EventMakerUITests.xctest */;
			productType = "com.apple.product-type.bundle.ui-testing";
		};
		3A334D67231EFF3100DAC1FE /* EventMakerTests */ = {
			isa = PBXNativeTarget;
			buildConfigurationList = 3A334D6F231EFF3100DAC1FE /* Build configuration list for PBXNativeTarget "EventMakerTests" */;
			buildPhases = (
				E753B439856D09D4D91A82D7 /* [CP] Check Pods Manifest.lock */,
				3A334D64231EFF3100DAC1FE /* Sources */,
				3A334D65231EFF3100DAC1FE /* Frameworks */,
				3A334D66231EFF3100DAC1FE /* Resources */,
				4E9C00AAF70E87BE1EE0D891 /* [CP] Embed Pods Frameworks */,
			);
			buildRules = (
			);
			dependencies = (
				3A334D6E231EFF3100DAC1FE /* PBXTargetDependency */,
			);
			name = EventMakerTests;
			productName = EventMakerTests;
			productReference = 3A334D68231EFF3100DAC1FE /* EventMakerTests.xctest */;
			productType = "com.apple.product-type.bundle.unit-test";
		};
		3A5AC940231D8FAD00CBE6EB /* EventMaker */ = {
			isa = PBXNativeTarget;
			buildConfigurationList = 3A5AC956231D8FAD00CBE6EB /* Build configuration list for PBXNativeTarget "EventMaker" */;
			buildPhases = (
				ABEF0684B28BC0BA567D4F38 /* [CP] Check Pods Manifest.lock */,
				3A5AC93D231D8FAD00CBE6EB /* Sources */,
				3A5AC93E231D8FAD00CBE6EB /* Frameworks */,
				3A5AC93F231D8FAD00CBE6EB /* Resources */,
				1686F7C5FCDA47AD1935536C /* [CP] Embed Pods Frameworks */,
			);
			buildRules = (
			);
			dependencies = (
			);
			name = EventMaker;
			productName = EventMaker;
			productReference = 3A5AC941231D8FAD00CBE6EB /* EventMaker.app */;
			productType = "com.apple.product-type.application";
		};
/* End PBXNativeTarget section */

/* Begin PBXProject section */
		3A5AC939231D8FAD00CBE6EB /* Project object */ = {
			isa = PBXProject;
			attributes = {
				LastSwiftUpdateCheck = 1030;
				LastUpgradeCheck = 1030;
				ORGANIZATIONNAME = "Raul Rodrigues";
				TargetAttributes = {
					3A334D59231EFF2700DAC1FE = {
						CreatedOnToolsVersion = 10.3;
						TestTargetID = 3A5AC940231D8FAD00CBE6EB;
					};
					3A334D67231EFF3100DAC1FE = {
						CreatedOnToolsVersion = 10.3;
						TestTargetID = 3A5AC940231D8FAD00CBE6EB;
					};
					3A5AC940231D8FAD00CBE6EB = {
						CreatedOnToolsVersion = 10.3;
					};
				};
			};
			buildConfigurationList = 3A5AC93C231D8FAD00CBE6EB /* Build configuration list for PBXProject "EventMaker" */;
			compatibilityVersion = "Xcode 9.3";
			developmentRegion = en;
			hasScannedForEncodings = 0;
			knownRegions = (
				en,
				Base,
			);
			mainGroup = 3A5AC938231D8FAD00CBE6EB;
			productRefGroup = 3A5AC942231D8FAD00CBE6EB /* Products */;
			projectDirPath = "";
			projectRoot = "";
			targets = (
				3A5AC940231D8FAD00CBE6EB /* EventMaker */,
				3A334D59231EFF2700DAC1FE /* EventMakerUITests */,
				3A334D67231EFF3100DAC1FE /* EventMakerTests */,
			);
		};
/* End PBXProject section */

/* Begin PBXResourcesBuildPhase section */
		3A334D58231EFF2700DAC1FE /* Resources */ = {
			isa = PBXResourcesBuildPhase;
			buildActionMask = 2147483647;
			files = (
			);
			runOnlyForDeploymentPostprocessing = 0;
		};
		3A334D66231EFF3100DAC1FE /* Resources */ = {
			isa = PBXResourcesBuildPhase;
			buildActionMask = 2147483647;
			files = (
			);
			runOnlyForDeploymentPostprocessing = 0;
		};
		3A5AC93F231D8FAD00CBE6EB /* Resources */ = {
			isa = PBXResourcesBuildPhase;
			buildActionMask = 2147483647;
			files = (
				3A334D4C231ED52200DAC1FE /* Main.storyboard in Resources */,
				3A334D53231ED5BA00DAC1FE /* fake3.storyboard in Resources */,
				3A5AC952231D8FAD00CBE6EB /* LaunchScreen.storyboard in Resources */,
				BF2B867F231EEDC8006A8ED7 /* PostEventCreationStoryboard.storyboard in Resources */,
				3A334D51231ED5A000DAC1FE /* fake2.storyboard in Resources */,
				BF2B8681231EEDC8006A8ED7 /* CreateEventStoryboard.storyboard in Resources */,
				3A5AC94F231D8FAD00CBE6EB /* Assets.xcassets in Resources */,
				3A334D4F231ED58C00DAC1FE /* fake1.storyboard in Resources */,
				260F73C8231EF64C007266B3 /* DashboardStoryboard.storyboard in Resources */,
				260F73C6231EF5B4007266B3 /* GoogleService-Info.plist in Resources */,
			);
			runOnlyForDeploymentPostprocessing = 0;
		};
/* End PBXResourcesBuildPhase section */

/* Begin PBXShellScriptBuildPhase section */
		1686F7C5FCDA47AD1935536C /* [CP] Embed Pods Frameworks */ = {
			isa = PBXShellScriptBuildPhase;
			buildActionMask = 2147483647;
			files = (
			);
			inputFileListPaths = (
				"${PODS_ROOT}/Target Support Files/Pods-EventMaker/Pods-EventMaker-frameworks-${CONFIGURATION}-input-files.xcfilelist",
			);
			name = "[CP] Embed Pods Frameworks";
			outputFileListPaths = (
				"${PODS_ROOT}/Target Support Files/Pods-EventMaker/Pods-EventMaker-frameworks-${CONFIGURATION}-output-files.xcfilelist",
			);
			runOnlyForDeploymentPostprocessing = 0;
			shellPath = /bin/sh;
			shellScript = "\"${PODS_ROOT}/Target Support Files/Pods-EventMaker/Pods-EventMaker-frameworks.sh\"\n";
			showEnvVarsInLog = 0;
		};
		4E9C00AAF70E87BE1EE0D891 /* [CP] Embed Pods Frameworks */ = {
			isa = PBXShellScriptBuildPhase;
			buildActionMask = 2147483647;
			files = (
			);
			inputFileListPaths = (
				"${PODS_ROOT}/Target Support Files/Pods-EventMakerTests/Pods-EventMakerTests-frameworks-${CONFIGURATION}-input-files.xcfilelist",
			);
			name = "[CP] Embed Pods Frameworks";
			outputFileListPaths = (
				"${PODS_ROOT}/Target Support Files/Pods-EventMakerTests/Pods-EventMakerTests-frameworks-${CONFIGURATION}-output-files.xcfilelist",
			);
			runOnlyForDeploymentPostprocessing = 0;
			shellPath = /bin/sh;
			shellScript = "\"${PODS_ROOT}/Target Support Files/Pods-EventMakerTests/Pods-EventMakerTests-frameworks.sh\"\n";
			showEnvVarsInLog = 0;
		};
		ABEF0684B28BC0BA567D4F38 /* [CP] Check Pods Manifest.lock */ = {
			isa = PBXShellScriptBuildPhase;
			buildActionMask = 2147483647;
			files = (
			);
			inputFileListPaths = (
			);
			inputPaths = (
				"${PODS_PODFILE_DIR_PATH}/Podfile.lock",
				"${PODS_ROOT}/Manifest.lock",
			);
			name = "[CP] Check Pods Manifest.lock";
			outputFileListPaths = (
			);
			outputPaths = (
				"$(DERIVED_FILE_DIR)/Pods-EventMaker-checkManifestLockResult.txt",
			);
			runOnlyForDeploymentPostprocessing = 0;
			shellPath = /bin/sh;
			shellScript = "diff \"${PODS_PODFILE_DIR_PATH}/Podfile.lock\" \"${PODS_ROOT}/Manifest.lock\" > /dev/null\nif [ $? != 0 ] ; then\n    # print error to STDERR\n    echo \"error: The sandbox is not in sync with the Podfile.lock. Run 'pod install' or update your CocoaPods installation.\" >&2\n    exit 1\nfi\n# This output is used by Xcode 'outputs' to avoid re-running this script phase.\necho \"SUCCESS\" > \"${SCRIPT_OUTPUT_FILE_0}\"\n";
			showEnvVarsInLog = 0;
		};
		E753B439856D09D4D91A82D7 /* [CP] Check Pods Manifest.lock */ = {
			isa = PBXShellScriptBuildPhase;
			buildActionMask = 2147483647;
			files = (
			);
			inputFileListPaths = (
			);
			inputPaths = (
				"${PODS_PODFILE_DIR_PATH}/Podfile.lock",
				"${PODS_ROOT}/Manifest.lock",
			);
			name = "[CP] Check Pods Manifest.lock";
			outputFileListPaths = (
			);
			outputPaths = (
				"$(DERIVED_FILE_DIR)/Pods-EventMakerTests-checkManifestLockResult.txt",
			);
			runOnlyForDeploymentPostprocessing = 0;
			shellPath = /bin/sh;
			shellScript = "diff \"${PODS_PODFILE_DIR_PATH}/Podfile.lock\" \"${PODS_ROOT}/Manifest.lock\" > /dev/null\nif [ $? != 0 ] ; then\n    # print error to STDERR\n    echo \"error: The sandbox is not in sync with the Podfile.lock. Run 'pod install' or update your CocoaPods installation.\" >&2\n    exit 1\nfi\n# This output is used by Xcode 'outputs' to avoid re-running this script phase.\necho \"SUCCESS\" > \"${SCRIPT_OUTPUT_FILE_0}\"\n";
			showEnvVarsInLog = 0;
		};
/* End PBXShellScriptBuildPhase section */

/* Begin PBXSourcesBuildPhase section */
		3A334D56231EFF2700DAC1FE /* Sources */ = {
			isa = PBXSourcesBuildPhase;
			buildActionMask = 2147483647;
			files = (
				3A334D5D231EFF2700DAC1FE /* EventMakerUITests.swift in Sources */,
			);
			runOnlyForDeploymentPostprocessing = 0;
		};
		3A334D64231EFF3100DAC1FE /* Sources */ = {
			isa = PBXSourcesBuildPhase;
			buildActionMask = 2147483647;
			files = (
				3A334D6B231EFF3100DAC1FE /* EventMakerTests.swift in Sources */,
				3A334D73232021D500DAC1FE /* EventMakeSpec.swift in Sources */,
				3A334D772320326100DAC1FE /* EventServiceTest.swift in Sources */,
			);
			runOnlyForDeploymentPostprocessing = 0;
		};
		3A5AC93D231D8FAD00CBE6EB /* Sources */ = {
			isa = PBXSourcesBuildPhase;
			buildActionMask = 2147483647;
			files = (
				3A334D752320298400DAC1FE /* EventDatabase.swift in Sources */,
				F111FD1C231D9C610021AB20 /* EventServiceFirebase.swift in Sources */,
				260F73CA231F03BB007266B3 /* DashboardViewController.swift in Sources */,
				260F73CC231F051B007266B3 /* DashboardTableViewCell.swift in Sources */,
				260F73CA231F03BB007266B3 /* DashboardViewController.swift in Sources */,
				3A5AC947231D8FAD00CBE6EB /* ViewController.swift in Sources */,
				F111FD2C231DFDE10021AB20 /* EventServiceProtocol.swift in Sources */,
				F111FD30231EFA7F0021AB20 /* CreateEventViewController.swift in Sources */,
				3A5AC945231D8FAD00CBE6EB /* AppDelegate.swift in Sources */,
				F1403CF32320482E00FAEA09 /* ToolbarPickerView.swift in Sources */,
				3A5AC94D231D8FAD00CBE6EB /* EventMaker.xcdatamodeld in Sources */,
				F111FD23231D9E6A0021AB20 /* Event.swift in Sources */,
				BF292330231EFE0200AA9C94 /* PostEventCreationViewController.swift in Sources */,
			);
			runOnlyForDeploymentPostprocessing = 0;
		};
/* End PBXSourcesBuildPhase section */

/* Begin PBXTargetDependency section */
		3A334D60231EFF2700DAC1FE /* PBXTargetDependency */ = {
			isa = PBXTargetDependency;
			target = 3A5AC940231D8FAD00CBE6EB /* EventMaker */;
			targetProxy = 3A334D5F231EFF2700DAC1FE /* PBXContainerItemProxy */;
		};
		3A334D6E231EFF3100DAC1FE /* PBXTargetDependency */ = {
			isa = PBXTargetDependency;
			target = 3A5AC940231D8FAD00CBE6EB /* EventMaker */;
			targetProxy = 3A334D6D231EFF3100DAC1FE /* PBXContainerItemProxy */;
		};
/* End PBXTargetDependency section */

/* Begin PBXVariantGroup section */
		3A5AC950231D8FAD00CBE6EB /* LaunchScreen.storyboard */ = {
			isa = PBXVariantGroup;
			children = (
				3A5AC951231D8FAD00CBE6EB /* Base */,
			);
			name = LaunchScreen.storyboard;
			sourceTree = "<group>";
		};
/* End PBXVariantGroup section */

/* Begin XCBuildConfiguration section */
		3A334D61231EFF2700DAC1FE /* Debug */ = {
			isa = XCBuildConfiguration;
			buildSettings = {
				CODE_SIGN_STYLE = Automatic;
				DEVELOPMENT_TEAM = F229TZ6SP5;
				INFOPLIST_FILE = EventMakerUITests/Info.plist;
				LD_RUNPATH_SEARCH_PATHS = (
					"$(inherited)",
					"@executable_path/Frameworks",
					"@loader_path/Frameworks",
				);
				PRODUCT_BUNDLE_IDENTIFIER = AA2019.EventMakerUITests;
				PRODUCT_NAME = "$(TARGET_NAME)";
				SWIFT_VERSION = 5.0;
				TARGETED_DEVICE_FAMILY = "1,2";
				TEST_TARGET_NAME = EventMaker;
			};
			name = Debug;
		};
		3A334D62231EFF2700DAC1FE /* Release */ = {
			isa = XCBuildConfiguration;
			buildSettings = {
				CODE_SIGN_STYLE = Automatic;
				DEVELOPMENT_TEAM = F229TZ6SP5;
				INFOPLIST_FILE = EventMakerUITests/Info.plist;
				LD_RUNPATH_SEARCH_PATHS = (
					"$(inherited)",
					"@executable_path/Frameworks",
					"@loader_path/Frameworks",
				);
				PRODUCT_BUNDLE_IDENTIFIER = AA2019.EventMakerUITests;
				PRODUCT_NAME = "$(TARGET_NAME)";
				SWIFT_VERSION = 5.0;
				TARGETED_DEVICE_FAMILY = "1,2";
				TEST_TARGET_NAME = EventMaker;
			};
			name = Release;
		};
		3A334D70231EFF3100DAC1FE /* Debug */ = {
			isa = XCBuildConfiguration;
			baseConfigurationReference = 4729243CA1F3ACA2BE2690AC /* Pods-EventMakerTests.debug.xcconfig */;
			buildSettings = {
				BUNDLE_LOADER = "$(TEST_HOST)";
				CODE_SIGN_STYLE = Automatic;
				DEVELOPMENT_TEAM = F229TZ6SP5;
				INFOPLIST_FILE = EventMakerTests/Info.plist;
				LD_RUNPATH_SEARCH_PATHS = (
					"$(inherited)",
					"@executable_path/Frameworks",
					"@loader_path/Frameworks",
				);
				PRODUCT_BUNDLE_IDENTIFIER = AA2019.EventMakerTests;
				PRODUCT_NAME = "$(TARGET_NAME)";
				SWIFT_VERSION = 5.0;
				TARGETED_DEVICE_FAMILY = "1,2";
				TEST_HOST = "$(BUILT_PRODUCTS_DIR)/EventMaker.app/EventMaker";
			};
			name = Debug;
		};
		3A334D71231EFF3100DAC1FE /* Release */ = {
			isa = XCBuildConfiguration;
			baseConfigurationReference = 08AAAC0338539EBA32B0A502 /* Pods-EventMakerTests.release.xcconfig */;
			buildSettings = {
				BUNDLE_LOADER = "$(TEST_HOST)";
				CODE_SIGN_STYLE = Automatic;
				DEVELOPMENT_TEAM = F229TZ6SP5;
				INFOPLIST_FILE = EventMakerTests/Info.plist;
				LD_RUNPATH_SEARCH_PATHS = (
					"$(inherited)",
					"@executable_path/Frameworks",
					"@loader_path/Frameworks",
				);
				PRODUCT_BUNDLE_IDENTIFIER = AA2019.EventMakerTests;
				PRODUCT_NAME = "$(TARGET_NAME)";
				SWIFT_VERSION = 5.0;
				TARGETED_DEVICE_FAMILY = "1,2";
				TEST_HOST = "$(BUILT_PRODUCTS_DIR)/EventMaker.app/EventMaker";
			};
			name = Release;
		};
		3A5AC954231D8FAD00CBE6EB /* Debug */ = {
			isa = XCBuildConfiguration;
			buildSettings = {
				ALWAYS_SEARCH_USER_PATHS = NO;
				CLANG_ANALYZER_NONNULL = YES;
				CLANG_ANALYZER_NUMBER_OBJECT_CONVERSION = YES_AGGRESSIVE;
				CLANG_CXX_LANGUAGE_STANDARD = "gnu++14";
				CLANG_CXX_LIBRARY = "libc++";
				CLANG_ENABLE_MODULES = YES;
				CLANG_ENABLE_OBJC_ARC = YES;
				CLANG_ENABLE_OBJC_WEAK = YES;
				CLANG_WARN_BLOCK_CAPTURE_AUTORELEASING = YES;
				CLANG_WARN_BOOL_CONVERSION = YES;
				CLANG_WARN_COMMA = YES;
				CLANG_WARN_CONSTANT_CONVERSION = YES;
				CLANG_WARN_DEPRECATED_OBJC_IMPLEMENTATIONS = YES;
				CLANG_WARN_DIRECT_OBJC_ISA_USAGE = YES_ERROR;
				CLANG_WARN_DOCUMENTATION_COMMENTS = YES;
				CLANG_WARN_EMPTY_BODY = YES;
				CLANG_WARN_ENUM_CONVERSION = YES;
				CLANG_WARN_INFINITE_RECURSION = YES;
				CLANG_WARN_INT_CONVERSION = YES;
				CLANG_WARN_NON_LITERAL_NULL_CONVERSION = YES;
				CLANG_WARN_OBJC_IMPLICIT_RETAIN_SELF = YES;
				CLANG_WARN_OBJC_LITERAL_CONVERSION = YES;
				CLANG_WARN_OBJC_ROOT_CLASS = YES_ERROR;
				CLANG_WARN_RANGE_LOOP_ANALYSIS = YES;
				CLANG_WARN_STRICT_PROTOTYPES = YES;
				CLANG_WARN_SUSPICIOUS_MOVE = YES;
				CLANG_WARN_UNGUARDED_AVAILABILITY = YES_AGGRESSIVE;
				CLANG_WARN_UNREACHABLE_CODE = YES;
				CLANG_WARN__DUPLICATE_METHOD_MATCH = YES;
				CODE_SIGN_IDENTITY = "iPhone Developer";
				COPY_PHASE_STRIP = NO;
				DEBUG_INFORMATION_FORMAT = dwarf;
				ENABLE_STRICT_OBJC_MSGSEND = YES;
				ENABLE_TESTABILITY = YES;
				GCC_C_LANGUAGE_STANDARD = gnu11;
				GCC_DYNAMIC_NO_PIC = NO;
				GCC_NO_COMMON_BLOCKS = YES;
				GCC_OPTIMIZATION_LEVEL = 0;
				GCC_PREPROCESSOR_DEFINITIONS = (
					"DEBUG=1",
					"$(inherited)",
				);
				GCC_WARN_64_TO_32_BIT_CONVERSION = YES;
				GCC_WARN_ABOUT_RETURN_TYPE = YES_ERROR;
				GCC_WARN_UNDECLARED_SELECTOR = YES;
				GCC_WARN_UNINITIALIZED_AUTOS = YES_AGGRESSIVE;
				GCC_WARN_UNUSED_FUNCTION = YES;
				GCC_WARN_UNUSED_VARIABLE = YES;
				IPHONEOS_DEPLOYMENT_TARGET = 12.0;
				MTL_ENABLE_DEBUG_INFO = INCLUDE_SOURCE;
				MTL_FAST_MATH = YES;
				ONLY_ACTIVE_ARCH = YES;
				SDKROOT = iphoneos;
				SWIFT_ACTIVE_COMPILATION_CONDITIONS = DEBUG;
				SWIFT_OPTIMIZATION_LEVEL = "-Onone";
			};
			name = Debug;
		};
		3A5AC955231D8FAD00CBE6EB /* Release */ = {
			isa = XCBuildConfiguration;
			buildSettings = {
				ALWAYS_SEARCH_USER_PATHS = NO;
				CLANG_ANALYZER_NONNULL = YES;
				CLANG_ANALYZER_NUMBER_OBJECT_CONVERSION = YES_AGGRESSIVE;
				CLANG_CXX_LANGUAGE_STANDARD = "gnu++14";
				CLANG_CXX_LIBRARY = "libc++";
				CLANG_ENABLE_MODULES = YES;
				CLANG_ENABLE_OBJC_ARC = YES;
				CLANG_ENABLE_OBJC_WEAK = YES;
				CLANG_WARN_BLOCK_CAPTURE_AUTORELEASING = YES;
				CLANG_WARN_BOOL_CONVERSION = YES;
				CLANG_WARN_COMMA = YES;
				CLANG_WARN_CONSTANT_CONVERSION = YES;
				CLANG_WARN_DEPRECATED_OBJC_IMPLEMENTATIONS = YES;
				CLANG_WARN_DIRECT_OBJC_ISA_USAGE = YES_ERROR;
				CLANG_WARN_DOCUMENTATION_COMMENTS = YES;
				CLANG_WARN_EMPTY_BODY = YES;
				CLANG_WARN_ENUM_CONVERSION = YES;
				CLANG_WARN_INFINITE_RECURSION = YES;
				CLANG_WARN_INT_CONVERSION = YES;
				CLANG_WARN_NON_LITERAL_NULL_CONVERSION = YES;
				CLANG_WARN_OBJC_IMPLICIT_RETAIN_SELF = YES;
				CLANG_WARN_OBJC_LITERAL_CONVERSION = YES;
				CLANG_WARN_OBJC_ROOT_CLASS = YES_ERROR;
				CLANG_WARN_RANGE_LOOP_ANALYSIS = YES;
				CLANG_WARN_STRICT_PROTOTYPES = YES;
				CLANG_WARN_SUSPICIOUS_MOVE = YES;
				CLANG_WARN_UNGUARDED_AVAILABILITY = YES_AGGRESSIVE;
				CLANG_WARN_UNREACHABLE_CODE = YES;
				CLANG_WARN__DUPLICATE_METHOD_MATCH = YES;
				CODE_SIGN_IDENTITY = "iPhone Developer";
				COPY_PHASE_STRIP = NO;
				DEBUG_INFORMATION_FORMAT = "dwarf-with-dsym";
				ENABLE_NS_ASSERTIONS = NO;
				ENABLE_STRICT_OBJC_MSGSEND = YES;
				GCC_C_LANGUAGE_STANDARD = gnu11;
				GCC_NO_COMMON_BLOCKS = YES;
				GCC_WARN_64_TO_32_BIT_CONVERSION = YES;
				GCC_WARN_ABOUT_RETURN_TYPE = YES_ERROR;
				GCC_WARN_UNDECLARED_SELECTOR = YES;
				GCC_WARN_UNINITIALIZED_AUTOS = YES_AGGRESSIVE;
				GCC_WARN_UNUSED_FUNCTION = YES;
				GCC_WARN_UNUSED_VARIABLE = YES;
				IPHONEOS_DEPLOYMENT_TARGET = 12.0;
				MTL_ENABLE_DEBUG_INFO = NO;
				MTL_FAST_MATH = YES;
				SDKROOT = iphoneos;
				SWIFT_COMPILATION_MODE = wholemodule;
				SWIFT_OPTIMIZATION_LEVEL = "-O";
				VALIDATE_PRODUCT = YES;
			};
			name = Release;
		};
		3A5AC957231D8FAD00CBE6EB /* Debug */ = {
			isa = XCBuildConfiguration;
			baseConfigurationReference = BBF1AF02CBDB03C3339A6E48 /* Pods-EventMaker.debug.xcconfig */;
			buildSettings = {
				ASSETCATALOG_COMPILER_APPICON_NAME = AppIcon;
				CODE_SIGN_STYLE = Automatic;
				DEVELOPMENT_TEAM = F229TZ6SP5;
				INFOPLIST_FILE = EventMaker/Support/Info.plist;
				IPHONEOS_DEPLOYMENT_TARGET = 12.4;
				LD_RUNPATH_SEARCH_PATHS = (
					"$(inherited)",
					"@executable_path/Frameworks",
				);
				PRODUCT_BUNDLE_IDENTIFIER = com.academy.eventMaker1;
				PRODUCT_NAME = "$(TARGET_NAME)";
				SWIFT_VERSION = 5.0;
				TARGETED_DEVICE_FAMILY = "1,2";
			};
			name = Debug;
		};
		3A5AC958231D8FAD00CBE6EB /* Release */ = {
			isa = XCBuildConfiguration;
			baseConfigurationReference = 9698DA2216E7D3EBA5DD2D8F /* Pods-EventMaker.release.xcconfig */;
			buildSettings = {
				ASSETCATALOG_COMPILER_APPICON_NAME = AppIcon;
				CODE_SIGN_STYLE = Automatic;
				DEVELOPMENT_TEAM = F229TZ6SP5;
				INFOPLIST_FILE = EventMaker/Support/Info.plist;
				IPHONEOS_DEPLOYMENT_TARGET = 12.4;
				LD_RUNPATH_SEARCH_PATHS = (
					"$(inherited)",
					"@executable_path/Frameworks",
				);
				PRODUCT_BUNDLE_IDENTIFIER = com.academy.eventMaker1;
				PRODUCT_NAME = "$(TARGET_NAME)";
				SWIFT_VERSION = 5.0;
				TARGETED_DEVICE_FAMILY = "1,2";
			};
			name = Release;
		};
/* End XCBuildConfiguration section */

/* Begin XCConfigurationList section */
		3A334D63231EFF2700DAC1FE /* Build configuration list for PBXNativeTarget "EventMakerUITests" */ = {
			isa = XCConfigurationList;
			buildConfigurations = (
				3A334D61231EFF2700DAC1FE /* Debug */,
				3A334D62231EFF2700DAC1FE /* Release */,
			);
			defaultConfigurationIsVisible = 0;
			defaultConfigurationName = Release;
		};
		3A334D6F231EFF3100DAC1FE /* Build configuration list for PBXNativeTarget "EventMakerTests" */ = {
			isa = XCConfigurationList;
			buildConfigurations = (
				3A334D70231EFF3100DAC1FE /* Debug */,
				3A334D71231EFF3100DAC1FE /* Release */,
			);
			defaultConfigurationIsVisible = 0;
			defaultConfigurationName = Release;
		};
		3A5AC93C231D8FAD00CBE6EB /* Build configuration list for PBXProject "EventMaker" */ = {
			isa = XCConfigurationList;
			buildConfigurations = (
				3A5AC954231D8FAD00CBE6EB /* Debug */,
				3A5AC955231D8FAD00CBE6EB /* Release */,
			);
			defaultConfigurationIsVisible = 0;
			defaultConfigurationName = Release;
		};
		3A5AC956231D8FAD00CBE6EB /* Build configuration list for PBXNativeTarget "EventMaker" */ = {
			isa = XCConfigurationList;
			buildConfigurations = (
				3A5AC957231D8FAD00CBE6EB /* Debug */,
				3A5AC958231D8FAD00CBE6EB /* Release */,
			);
			defaultConfigurationIsVisible = 0;
			defaultConfigurationName = Release;
		};
/* End XCConfigurationList section */

/* Begin XCVersionGroup section */
		3A5AC94B231D8FAD00CBE6EB /* EventMaker.xcdatamodeld */ = {
			isa = XCVersionGroup;
			children = (
				3A5AC94C231D8FAD00CBE6EB /* EventMaker.xcdatamodel */,
			);
			currentVersion = 3A5AC94C231D8FAD00CBE6EB /* EventMaker.xcdatamodel */;
			path = EventMaker.xcdatamodeld;
			sourceTree = "<group>";
			versionGroupType = wrapper.xcdatamodel;
		};
/* End XCVersionGroup section */
	};
	rootObject = 3A5AC939231D8FAD00CBE6EB /* Project object */;
}
